// !$*UTF8*$!
{
	archiveVersion = 1;
	classes = {
	};
	objectVersion = 46;
	objects = {

/* Begin PBXBuildFile section */
		B4DFF5E31BF2414100CE3584 /* AppDelegate.swift in Sources */ = {isa = PBXBuildFile; fileRef = B4DFF5E21BF2414100CE3584 /* AppDelegate.swift */; };
		B4DFF5E51BF2414100CE3584 /* ViewController.swift in Sources */ = {isa = PBXBuildFile; fileRef = B4DFF5E41BF2414100CE3584 /* ViewController.swift */; };
		B4DFF5E81BF2414100CE3584 /* Main.storyboard in Resources */ = {isa = PBXBuildFile; fileRef = B4DFF5E61BF2414100CE3584 /* Main.storyboard */; };
		B4DFF5EA1BF2414100CE3584 /* Assets.xcassets in Resources */ = {isa = PBXBuildFile; fileRef = B4DFF5E91BF2414100CE3584 /* Assets.xcassets */; };
		B4DFF5ED1BF2414100CE3584 /* LaunchScreen.storyboard in Resources */ = {isa = PBXBuildFile; fileRef = B4DFF5EB1BF2414100CE3584 /* LaunchScreen.storyboard */; };
		B4DFF5F51BF2422400CE3584 /* HealthKit.framework in Frameworks */ = {isa = PBXBuildFile; fileRef = B4DFF5F41BF2422400CE3584 /* HealthKit.framework */; };
/* End PBXBuildFile section */

/* Begin PBXFileReference section */
		B4DFF5DF1BF2414100CE3584 /* HealthyApp.app */ = {isa = PBXFileReference; explicitFileType = wrapper.application; includeInIndex = 0; path = HealthyApp.app; sourceTree = BUILT_PRODUCTS_DIR; };
		B4DFF5E21BF2414100CE3584 /* AppDelegate.swift */ = {isa = PBXFileReference; lastKnownFileType = sourcecode.swift; path = AppDelegate.swift; sourceTree = "<group>"; };
		B4DFF5E41BF2414100CE3584 /* ViewController.swift */ = {isa = PBXFileReference; lastKnownFileType = sourcecode.swift; path = ViewController.swift; sourceTree = "<group>"; };
		B4DFF5E71BF2414100CE3584 /* Base */ = {isa = PBXFileReference; lastKnownFileType = file.storyboard; name = Base; path = Base.lproj/Main.storyboard; sourceTree = "<group>"; };
		B4DFF5E91BF2414100CE3584 /* Assets.xcassets */ = {isa = PBXFileReference; lastKnownFileType = folder.assetcatalog; path = Assets.xcassets; sourceTree = "<group>"; };
		B4DFF5EC1BF2414100CE3584 /* Base */ = {isa = PBXFileReference; lastKnownFileType = file.storyboard; name = Base; path = Base.lproj/LaunchScreen.storyboard; sourceTree = "<group>"; };
		B4DFF5EE1BF2414100CE3584 /* Info.plist */ = {isa = PBXFileReference; lastKnownFileType = text.plist.xml; path = Info.plist; sourceTree = "<group>"; };
		B4DFF5F41BF2422400CE3584 /* HealthKit.framework */ = {isa = PBXFileReference; lastKnownFileType = wrapper.framework; name = HealthKit.framework; path = System/Library/Frameworks/HealthKit.framework; sourceTree = SDKROOT; };
		B4DFF5F61BF2422400CE3584 /* HealthyApp.entitlements */ = {isa = PBXFileReference; lastKnownFileType = text.xml; path = HealthyApp.entitlements; sourceTree = "<group>"; };
/* End PBXFileReference section */

/* Begin PBXFrameworksBuildPhase section */
		B4DFF5DC1BF2414100CE3584 /* Frameworks */ = {
			isa = PBXFrameworksBuildPhase;
			buildActionMask = 2147483647;
			files = (
				B4DFF5F51BF2422400CE3584 /* HealthKit.framework in Frameworks */,
			);
			runOnlyForDeploymentPostprocessing = 0;
		};
/* End PBXFrameworksBuildPhase section */

/* Begin PBXGroup section */
		B4DFF5D61BF2414100CE3584 = {
			isa = PBXGroup;
			children = (
				B4DFF5F41BF2422400CE3584 /* HealthKit.framework */,
				B4DFF5E11BF2414100CE3584 /* HealthyApp */,
				B4DFF5E01BF2414100CE3584 /* Products */,
			);
			sourceTree = "<group>";
		};
		B4DFF5E01BF2414100CE3584 /* Products */ = {
			isa = PBXGroup;
			children = (
				B4DFF5DF1BF2414100CE3584 /* HealthyApp.app */,
			);
			name = Products;
			sourceTree = "<group>";
		};
		B4DFF5E11BF2414100CE3584 /* HealthyApp */ = {
			isa = PBXGroup;
			children = (
				B4DFF5F61BF2422400CE3584 /* HealthyApp.entitlements */,
				B4DFF5E21BF2414100CE3584 /* AppDelegate.swift */,
				B4DFF5E41BF2414100CE3584 /* ViewController.swift */,
				B4DFF5E61BF2414100CE3584 /* Main.storyboard */,
				B4DFF5E91BF2414100CE3584 /* Assets.xcassets */,
				B4DFF5EB1BF2414100CE3584 /* LaunchScreen.storyboard */,
				B4DFF5EE1BF2414100CE3584 /* Info.plist */,
			);
			path = HealthyApp;
			sourceTree = "<group>";
		};
/* End PBXGroup section */

/* Begin PBXNativeTarget section */
		B4DFF5DE1BF2414100CE3584 /* HealthyApp */ = {
			isa = PBXNativeTarget;
			buildConfigurationList = B4DFF5F11BF2414100CE3584 /* Build configuration list for PBXNativeTarget "HealthyApp" */;
			buildPhases = (
				B4DFF5DB1BF2414100CE3584 /* Sources */,
				B4DFF5DC1BF2414100CE3584 /* Frameworks */,
				B4DFF5DD1BF2414100CE3584 /* Resources */,
			);
			buildRules = (
			);
			dependencies = (
			);
			name = HealthyApp;
			productName = HealthyApp;
			productReference = B4DFF5DF1BF2414100CE3584 /* HealthyApp.app */;
			productType = "com.apple.product-type.application";
		};
/* End PBXNativeTarget section */

/* Begin PBXProject section */
		B4DFF5D71BF2414100CE3584 /* Project object */ = {
			isa = PBXProject;
			attributes = {
				LastSwiftUpdateCheck = 0710;
				LastUpgradeCheck = 0710;
				ORGANIZATIONNAME = "Blake Oistad";
				TargetAttributes = {
					B4DFF5DE1BF2414100CE3584 = {
						CreatedOnToolsVersion = 7.1;
						DevelopmentTeam = GHHBHG4T97;
						SystemCapabilities = {
							com.apple.HealthKit = {
								enabled = 1;
							};
						};
					};
				};
			};
			buildConfigurationList = B4DFF5DA1BF2414100CE3584 /* Build configuration list for PBXProject "HealthyApp" */;
			compatibilityVersion = "Xcode 3.2";
			developmentRegion = English;
			hasScannedForEncodings = 0;
			knownRegions = (
				en,
				Base,
			);
			mainGroup = B4DFF5D61BF2414100CE3584;
			productRefGroup = B4DFF5E01BF2414100CE3584 /* Products */;
			projectDirPath = "";
			projectRoot = "";
			targets = (
				B4DFF5DE1BF2414100CE3584 /* HealthyApp */,
			);
		};
/* End PBXProject section */

/* Begin PBXResourcesBuildPhase section */
		B4DFF5DD1BF2414100CE3584 /* Resources */ = {
			isa = PBXResourcesBuildPhase;
			buildActionMask = 2147483647;
			files = (
				B4DFF5ED1BF2414100CE3584 /* LaunchScreen.storyboard in Resources */,
				B4DFF5EA1BF2414100CE3584 /* Assets.xcassets in Resources */,
				B4DFF5E81BF2414100CE3584 /* Main.storyboard in Resources */,
			);
			runOnlyForDeploymentPostprocessing = 0;
		};
/* End PBXResourcesBuildPhase section */

/* Begin PBXSourcesBuildPhase section */
		B4DFF5DB1BF2414100CE3584 /* Sources */ = {
			isa = PBXSourcesBuildPhase;
			buildActionMask = 2147483647;
			files = (
				B4DFF5E51BF2414100CE3584 /* ViewController.swift in Sources */,
				B4DFF5E31BF2414100CE3584 /* AppDelegate.swift in Sources */,
			);
			runOnlyForDeploymentPostprocessing = 0;
		};
/* End PBXSourcesBuildPhase section */

/* Begin PBXVariantGroup section */
		B4DFF5E61BF2414100CE3584 /* Main.storyboard */ = {
			isa = PBXVariantGroup;
			children = (
				B4DFF5E71BF2414100CE3584 /* Base */,
			);
			name = Main.storyboard;
			sourceTree = "<group>";
		};
		B4DFF5EB1BF2414100CE3584 /* LaunchScreen.storyboard */ = {
			isa = PBXVariantGroup;
			children = (
				B4DFF5EC1BF2414100CE3584 /* Base */,
			);
			name = LaunchScreen.storyboard;
			sourceTree = "<group>";
		};
/* End PBXVariantGroup section */

/* Begin XCBuildConfiguration section */
		B4DFF5EF1BF2414100CE3584 /* Debug */ = {
			isa = XCBuildConfiguration;
			buildSettings = {
				ALWAYS_SEARCH_USER_PATHS = NO;
				CLANG_CXX_LANGUAGE_STANDARD = "gnu++0x";
				CLANG_CXX_LIBRARY = "libc++";
				CLANG_ENABLE_MODULES = YES;
				CLANG_ENABLE_OBJC_ARC = YES;
				CLANG_WARN_BOOL_CONVERSION = YES;
				CLANG_WARN_CONSTANT_CONVERSION = YES;
				CLANG_WARN_DIRECT_OBJC_ISA_USAGE = YES_ERROR;
				CLANG_WARN_EMPTY_BODY = YES;
				CLANG_WARN_ENUM_CONVERSION = YES;
				CLANG_WARN_INT_CONVERSION = YES;
				CLANG_WARN_OBJC_ROOT_CLASS = YES_ERROR;
				CLANG_WARN_UNREACHABLE_CODE = YES;
				CLANG_WARN__DUPLICATE_METHOD_MATCH = YES;
				"CODE_SIGN_IDENTITY[sdk=iphoneos*]" = "iPhone Developer";
				COPY_PHASE_STRIP = NO;
				DEBUG_INFORMATION_FORMAT = dwarf;
				ENABLE_STRICT_OBJC_MSGSEND = YES;
				ENABLE_TESTABILITY = YES;
				GCC_C_LANGUAGE_STANDARD = gnu99;
				GCC_DYNAMIC_NO_PIC = NO;
				GCC_NO_COMMON_BLOCKS = YES;
				GCC_OPTIMIZATION_LEVEL = 0;
				GCC_PREPROCESSOR_DEFINITIONS = (
					"DEBUG=1",
					"$(inherited)",
				);
				GCC_WARN_64_TO_32_BIT_CONVERSION = YES;
				GCC_WARN_ABOUT_RETURN_TYPE = YES_ERROR;
				GCC_WARN_UNDECLARED_SELECTOR = YES;
				GCC_WARN_UNINITIALIZED_AUTOS = YES_AGGRESSIVE;
				GCC_WARN_UNUSED_FUNCTION = YES;
				GCC_WARN_UNUSED_VARIABLE = YES;
				IPHONEOS_DEPLOYMENT_TARGET = 9.1;
				MTL_ENABLE_DEBUG_INFO = YES;
				ONLY_ACTIVE_ARCH = YES;
				SDKROOT = iphoneos;
				SWIFT_OPTIMIZATION_LEVEL = "-Onone";
				TARGETED_DEVICE_FAMILY = "1,2";
			};
			name = Debug;
		};
		B4DFF5F01BF2414100CE3584 /* Release */ = {
			isa = XCBuildConfiguration;
			buildSettings = {
				ALWAYS_SEARCH_USER_PATHS = NO;
				CLANG_CXX_LANGUAGE_STANDARD = "gnu++0x";
				CLANG_CXX_LIBRARY = "libc++";
				CLANG_ENABLE_MODULES = YES;
				CLANG_ENABLE_OBJC_ARC = YES;
				CLANG_WARN_BOOL_CONVERSION = YES;
				CLANG_WARN_CONSTANT_CONVERSION = YES;
				CLANG_WARN_DIRECT_OBJC_ISA_USAGE = YES_ERROR;
				CLANG_WARN_EMPTY_BODY = YES;
				CLANG_WARN_ENUM_CONVERSION = YES;
				CLANG_WARN_INT_CONVERSION = YES;
				CLANG_WARN_OBJC_ROOT_CLASS = YES_ERROR;
				CLANG_WARN_UNREACHABLE_CODE = YES;
				CLANG_WARN__DUPLICATE_METHOD_MATCH = YES;
				"CODE_SIGN_IDENTITY[sdk=iphoneos*]" = "iPhone Developer";
				COPY_PHASE_STRIP = NO;
				DEBUG_INFORMATION_FORMAT = "dwarf-with-dsym";
				ENABLE_NS_ASSERTIONS = NO;
				ENABLE_STRICT_OBJC_MSGSEND = YES;
				GCC_C_LANGUAGE_STANDARD = gnu99;
				GCC_NO_COMMON_BLOCKS = YES;
				GCC_WARN_64_TO_32_BIT_CONVERSION = YES;
				GCC_WARN_ABOUT_RETURN_TYPE = YES_ERROR;
				GCC_WARN_UNDECLARED_SELECTOR = YES;
				GCC_WARN_UNINITIALIZED_AUTOS = YES_AGGRESSIVE;
				GCC_WARN_UNUSED_FUNCTION = YES;
				GCC_WARN_UNUSED_VARIABLE = YES;
				IPHONEOS_DEPLOYMENT_TARGET = 9.1;
				MTL_ENABLE_DEBUG_INFO = NO;
				SDKROOT = iphoneos;
				TARGETED_DEVICE_FAMILY = "1,2";
				VALIDATE_PRODUCT = YES;
			};
			name = Release;
		};
		B4DFF5F21BF2414100CE3584 /* Debug */ = {
			isa = XCBuildConfiguration;
			buildSettings = {
				ASSETCATALOG_COMPILER_APPICON_NAME = AppIcon;
				CODE_SIGN_ENTITLEMENTS = HealthyApp/HealthyApp.entitlements;
				CODE_SIGN_IDENTITY = "iPhone Developer";
				"CODE_SIGN_IDENTITY[sdk=iphoneos*]" = "iPhone Developer";
				INFOPLIST_FILE = HealthyApp/Info.plist;
				LD_RUNPATH_SEARCH_PATHS = "$(inherited) @executable_path/Frameworks";
				PRODUCT_BUNDLE_IDENTIFIER = com.blakeoistad.HealthyApp;
				PRODUCT_NAME = "$(TARGET_NAME)";
				PROVISIONING_PROFILE = "";
			};
			name = Debug;
		};
		B4DFF5F31BF2414100CE3584 /* Release */ = {
			isa = XCBuildConfiguration;
			buildSettings = {
				ASSETCATALOG_COMPILER_APPICON_NAME = AppIcon;
				CODE_SIGN_ENTITLEMENTS = HealthyApp/HealthyApp.entitlements;
				CODE_SIGN_IDENTITY = "iPhone Developer";
				"CODE_SIGN_IDENTITY[sdk=iphoneos*]" = "iPhone Developer";
				INFOPLIST_FILE = HealthyApp/Info.plist;
				LD_RUNPATH_SEARCH_PATHS = "$(inherited) @executable_path/Frameworks";
				PRODUCT_BUNDLE_IDENTIFIER = com.blakeoistad.HealthyApp;
				PRODUCT_NAME = "$(TARGET_NAME)";
				PROVISIONING_PROFILE = "";
			};
			name = Release;
		};
/* End XCBuildConfiguration section */

/* Begin XCConfigurationList section */
		B4DFF5DA1BF2414100CE3584 /* Build configuration list for PBXProject "HealthyApp" */ = {
			isa = XCConfigurationList;
			buildConfigurations = (
				B4DFF5EF1BF2414100CE3584 /* Debug */,
				B4DFF5F01BF2414100CE3584 /* Release */,
			);
			defaultConfigurationIsVisible = 0;
			defaultConfigurationName = Release;
		};
		B4DFF5F11BF2414100CE3584 /* Build configuration list for PBXNativeTarget "HealthyApp" */ = {
			isa = XCConfigurationList;
			buildConfigurations = (
				B4DFF5F21BF2414100CE3584 /* Debug */,
				B4DFF5F31BF2414100CE3584 /* Release */,
			);
			defaultConfigurationIsVisible = 0;
		};
/* End XCConfigurationList section */
	};
	rootObject = B4DFF5D71BF2414100CE3584 /* Project object */;
}
