// !$*UTF8*$!
{
	archiveVersion = 1;
	classes = {
	};
	objectVersion = 46;
	objects = {

/* Begin PBXBuildFile section */
		B4E2AFE51BDFC17E00ECE3F2 /* AppDelegate.swift in Sources */ = {isa = PBXBuildFile; fileRef = B4E2AFE41BDFC17E00ECE3F2 /* AppDelegate.swift */; };
		B4E2AFE71BDFC17E00ECE3F2 /* ViewController.swift in Sources */ = {isa = PBXBuildFile; fileRef = B4E2AFE61BDFC17E00ECE3F2 /* ViewController.swift */; };
		B4E2AFEA1BDFC17E00ECE3F2 /* Main.storyboard in Resources */ = {isa = PBXBuildFile; fileRef = B4E2AFE81BDFC17E00ECE3F2 /* Main.storyboard */; };
		B4E2AFED1BDFC17E00ECE3F2 /* SwiftToDo.xcdatamodeld in Sources */ = {isa = PBXBuildFile; fileRef = B4E2AFEB1BDFC17E00ECE3F2 /* SwiftToDo.xcdatamodeld */; };
		B4E2AFEF1BDFC17E00ECE3F2 /* Assets.xcassets in Resources */ = {isa = PBXBuildFile; fileRef = B4E2AFEE1BDFC17E00ECE3F2 /* Assets.xcassets */; };
		B4E2AFF21BDFC17E00ECE3F2 /* LaunchScreen.storyboard in Resources */ = {isa = PBXBuildFile; fileRef = B4E2AFF01BDFC17E00ECE3F2 /* LaunchScreen.storyboard */; };
		B4E2B0011BDFCA9400ECE3F2 /* ToDos+CoreDataProperties.swift in Sources */ = {isa = PBXBuildFile; fileRef = B4E2AFFF1BDFCA9400ECE3F2 /* ToDos+CoreDataProperties.swift */; };
		B4E2B0021BDFCA9400ECE3F2 /* ToDos.swift in Sources */ = {isa = PBXBuildFile; fileRef = B4E2B0001BDFCA9400ECE3F2 /* ToDos.swift */; };
		B4E2B0041BDFCF6400ECE3F2 /* DetailViewController.swift in Sources */ = {isa = PBXBuildFile; fileRef = B4E2B0031BDFCF6400ECE3F2 /* DetailViewController.swift */; };
/* End PBXBuildFile section */

/* Begin PBXFileReference section */
		B4E2AFE11BDFC17E00ECE3F2 /* SwiftToDo.app */ = {isa = PBXFileReference; explicitFileType = wrapper.application; includeInIndex = 0; path = SwiftToDo.app; sourceTree = BUILT_PRODUCTS_DIR; };
		B4E2AFE41BDFC17E00ECE3F2 /* AppDelegate.swift */ = {isa = PBXFileReference; lastKnownFileType = sourcecode.swift; path = AppDelegate.swift; sourceTree = "<group>"; };
		B4E2AFE61BDFC17E00ECE3F2 /* ViewController.swift */ = {isa = PBXFileReference; lastKnownFileType = sourcecode.swift; path = ViewController.swift; sourceTree = "<group>"; };
		B4E2AFE91BDFC17E00ECE3F2 /* Base */ = {isa = PBXFileReference; lastKnownFileType = file.storyboard; name = Base; path = Base.lproj/Main.storyboard; sourceTree = "<group>"; };
		B4E2AFEC1BDFC17E00ECE3F2 /* SwiftToDo.xcdatamodel */ = {isa = PBXFileReference; lastKnownFileType = wrapper.xcdatamodel; path = SwiftToDo.xcdatamodel; sourceTree = "<group>"; };
		B4E2AFEE1BDFC17E00ECE3F2 /* Assets.xcassets */ = {isa = PBXFileReference; lastKnownFileType = folder.assetcatalog; path = Assets.xcassets; sourceTree = "<group>"; };
		B4E2AFF11BDFC17E00ECE3F2 /* Base */ = {isa = PBXFileReference; lastKnownFileType = file.storyboard; name = Base; path = Base.lproj/LaunchScreen.storyboard; sourceTree = "<group>"; };
		B4E2AFF31BDFC17E00ECE3F2 /* Info.plist */ = {isa = PBXFileReference; lastKnownFileType = text.plist.xml; path = Info.plist; sourceTree = "<group>"; };
		B4E2AFFE1BDFCA7B00ECE3F2 /* SwiftToDo 2.xcdatamodel */ = {isa = PBXFileReference; lastKnownFileType = wrapper.xcdatamodel; path = "SwiftToDo 2.xcdatamodel"; sourceTree = "<group>"; };
		B4E2AFFF1BDFCA9400ECE3F2 /* ToDos+CoreDataProperties.swift */ = {isa = PBXFileReference; fileEncoding = 4; lastKnownFileType = sourcecode.swift; path = "ToDos+CoreDataProperties.swift"; sourceTree = "<group>"; };
		B4E2B0001BDFCA9400ECE3F2 /* ToDos.swift */ = {isa = PBXFileReference; fileEncoding = 4; lastKnownFileType = sourcecode.swift; path = ToDos.swift; sourceTree = "<group>"; };
		B4E2B0031BDFCF6400ECE3F2 /* DetailViewController.swift */ = {isa = PBXFileReference; fileEncoding = 4; lastKnownFileType = sourcecode.swift; path = DetailViewController.swift; sourceTree = "<group>"; };
/* End PBXFileReference section */

/* Begin PBXFrameworksBuildPhase section */
		B4E2AFDE1BDFC17E00ECE3F2 /* Frameworks */ = {
			isa = PBXFrameworksBuildPhase;
			buildActionMask = 2147483647;
			files = (
			);
			runOnlyForDeploymentPostprocessing = 0;
		};
/* End PBXFrameworksBuildPhase section */

/* Begin PBXGroup section */
		B4E2AFD81BDFC17E00ECE3F2 = {
			isa = PBXGroup;
			children = (
				B4E2AFE31BDFC17E00ECE3F2 /* SwiftToDo */,
				B4E2AFE21BDFC17E00ECE3F2 /* Products */,
			);
			sourceTree = "<group>";
		};
		B4E2AFE21BDFC17E00ECE3F2 /* Products */ = {
			isa = PBXGroup;
			children = (
				B4E2AFE11BDFC17E00ECE3F2 /* SwiftToDo.app */,
			);
			name = Products;
			sourceTree = "<group>";
		};
		B4E2AFE31BDFC17E00ECE3F2 /* SwiftToDo */ = {
			isa = PBXGroup;
			children = (
				B4E2AFFD1BDFC36D00ECE3F2 /* Data */,
				B4E2AFE41BDFC17E00ECE3F2 /* AppDelegate.swift */,
				B4E2AFE61BDFC17E00ECE3F2 /* ViewController.swift */,
				B4E2B0031BDFCF6400ECE3F2 /* DetailViewController.swift */,
				B4E2AFE81BDFC17E00ECE3F2 /* Main.storyboard */,
				B4E2AFEE1BDFC17E00ECE3F2 /* Assets.xcassets */,
				B4E2AFF01BDFC17E00ECE3F2 /* LaunchScreen.storyboard */,
				B4E2AFF31BDFC17E00ECE3F2 /* Info.plist */,
			);
			path = SwiftToDo;
			sourceTree = "<group>";
		};
		B4E2AFFD1BDFC36D00ECE3F2 /* Data */ = {
			isa = PBXGroup;
			children = (
				B4E2AFFF1BDFCA9400ECE3F2 /* ToDos+CoreDataProperties.swift */,
				B4E2B0001BDFCA9400ECE3F2 /* ToDos.swift */,
				B4E2AFEB1BDFC17E00ECE3F2 /* SwiftToDo.xcdatamodeld */,
			);
			name = Data;
			sourceTree = "<group>";
		};
/* End PBXGroup section */

/* Begin PBXNativeTarget section */
		B4E2AFE01BDFC17E00ECE3F2 /* SwiftToDo */ = {
			isa = PBXNativeTarget;
			buildConfigurationList = B4E2AFF61BDFC17E00ECE3F2 /* Build configuration list for PBXNativeTarget "SwiftToDo" */;
			buildPhases = (
				B4E2AFDD1BDFC17E00ECE3F2 /* Sources */,
				B4E2AFDE1BDFC17E00ECE3F2 /* Frameworks */,
				B4E2AFDF1BDFC17E00ECE3F2 /* Resources */,
			);
			buildRules = (
			);
			dependencies = (
			);
			name = SwiftToDo;
			productName = SwiftToDo;
			productReference = B4E2AFE11BDFC17E00ECE3F2 /* SwiftToDo.app */;
			productType = "com.apple.product-type.application";
		};
/* End PBXNativeTarget section */

/* Begin PBXProject section */
		B4E2AFD91BDFC17E00ECE3F2 /* Project object */ = {
			isa = PBXProject;
			attributes = {
				LastSwiftUpdateCheck = 0710;
				LastUpgradeCheck = 0710;
				ORGANIZATIONNAME = "Blake Oistad";
				TargetAttributes = {
					B4E2AFE01BDFC17E00ECE3F2 = {
						CreatedOnToolsVersion = 7.1;
					};
				};
			};
			buildConfigurationList = B4E2AFDC1BDFC17E00ECE3F2 /* Build configuration list for PBXProject "SwiftToDo" */;
			compatibilityVersion = "Xcode 3.2";
			developmentRegion = English;
			hasScannedForEncodings = 0;
			knownRegions = (
				en,
				Base,
			);
			mainGroup = B4E2AFD81BDFC17E00ECE3F2;
			productRefGroup = B4E2AFE21BDFC17E00ECE3F2 /* Products */;
			projectDirPath = "";
			projectRoot = "";
			targets = (
				B4E2AFE01BDFC17E00ECE3F2 /* SwiftToDo */,
			);
		};
/* End PBXProject section */

/* Begin PBXResourcesBuildPhase section */
		B4E2AFDF1BDFC17E00ECE3F2 /* Resources */ = {
			isa = PBXResourcesBuildPhase;
			buildActionMask = 2147483647;
			files = (
				B4E2AFF21BDFC17E00ECE3F2 /* LaunchScreen.storyboard in Resources */,
				B4E2AFEF1BDFC17E00ECE3F2 /* Assets.xcassets in Resources */,
				B4E2AFEA1BDFC17E00ECE3F2 /* Main.storyboard in Resources */,
			);
			runOnlyForDeploymentPostprocessing = 0;
		};
/* End PBXResourcesBuildPhase section */

/* Begin PBXSourcesBuildPhase section */
		B4E2AFDD1BDFC17E00ECE3F2 /* Sources */ = {
			isa = PBXSourcesBuildPhase;
			buildActionMask = 2147483647;
			files = (
				B4E2B0021BDFCA9400ECE3F2 /* ToDos.swift in Sources */,
				B4E2AFE71BDFC17E00ECE3F2 /* ViewController.swift in Sources */,
				B4E2B0011BDFCA9400ECE3F2 /* ToDos+CoreDataProperties.swift in Sources */,
				B4E2B0041BDFCF6400ECE3F2 /* DetailViewController.swift in Sources */,
				B4E2AFE51BDFC17E00ECE3F2 /* AppDelegate.swift in Sources */,
				B4E2AFED1BDFC17E00ECE3F2 /* SwiftToDo.xcdatamodeld in Sources */,
			);
			runOnlyForDeploymentPostprocessing = 0;
		};
/* End PBXSourcesBuildPhase section */

/* Begin PBXVariantGroup section */
		B4E2AFE81BDFC17E00ECE3F2 /* Main.storyboard */ = {
			isa = PBXVariantGroup;
			children = (
				B4E2AFE91BDFC17E00ECE3F2 /* Base */,
			);
			name = Main.storyboard;
			sourceTree = "<group>";
		};
		B4E2AFF01BDFC17E00ECE3F2 /* LaunchScreen.storyboard */ = {
			isa = PBXVariantGroup;
			children = (
				B4E2AFF11BDFC17E00ECE3F2 /* Base */,
			);
			name = LaunchScreen.storyboard;
			sourceTree = "<group>";
		};
/* End PBXVariantGroup section */

/* Begin XCBuildConfiguration section */
		B4E2AFF41BDFC17E00ECE3F2 /* Debug */ = {
			isa = XCBuildConfiguration;
			buildSettings = {
				ALWAYS_SEARCH_USER_PATHS = NO;
				CLANG_CXX_LANGUAGE_STANDARD = "gnu++0x";
				CLANG_CXX_LIBRARY = "libc++";
				CLANG_ENABLE_MODULES = YES;
				CLANG_ENABLE_OBJC_ARC = YES;
				CLANG_WARN_BOOL_CONVERSION = YES;
				CLANG_WARN_CONSTANT_CONVERSION = YES;
				CLANG_WARN_DIRECT_OBJC_ISA_USAGE = YES_ERROR;
				CLANG_WARN_EMPTY_BODY = YES;
				CLANG_WARN_ENUM_CONVERSION = YES;
				CLANG_WARN_INT_CONVERSION = YES;
				CLANG_WARN_OBJC_ROOT_CLASS = YES_ERROR;
				CLANG_WARN_UNREACHABLE_CODE = YES;
				CLANG_WARN__DUPLICATE_METHOD_MATCH = YES;
				"CODE_SIGN_IDENTITY[sdk=iphoneos*]" = "iPhone Developer";
				COPY_PHASE_STRIP = NO;
				DEBUG_INFORMATION_FORMAT = dwarf;
				ENABLE_STRICT_OBJC_MSGSEND = YES;
				ENABLE_TESTABILITY = YES;
				GCC_C_LANGUAGE_STANDARD = gnu99;
				GCC_DYNAMIC_NO_PIC = NO;
				GCC_NO_COMMON_BLOCKS = YES;
				GCC_OPTIMIZATION_LEVEL = 0;
				GCC_PREPROCESSOR_DEFINITIONS = (
					"DEBUG=1",
					"$(inherited)",
				);
				GCC_WARN_64_TO_32_BIT_CONVERSION = YES;
				GCC_WARN_ABOUT_RETURN_TYPE = YES_ERROR;
				GCC_WARN_UNDECLARED_SELECTOR = YES;
				GCC_WARN_UNINITIALIZED_AUTOS = YES_AGGRESSIVE;
				GCC_WARN_UNUSED_FUNCTION = YES;
				GCC_WARN_UNUSED_VARIABLE = YES;
				IPHONEOS_DEPLOYMENT_TARGET = 9.1;
				MTL_ENABLE_DEBUG_INFO = YES;
				ONLY_ACTIVE_ARCH = YES;
				SDKROOT = iphoneos;
				SWIFT_OPTIMIZATION_LEVEL = "-Onone";
				TARGETED_DEVICE_FAMILY = "1,2";
			};
			name = Debug;
		};
		B4E2AFF51BDFC17E00ECE3F2 /* Release */ = {
			isa = XCBuildConfiguration;
			buildSettings = {
				ALWAYS_SEARCH_USER_PATHS = NO;
				CLANG_CXX_LANGUAGE_STANDARD = "gnu++0x";
				CLANG_CXX_LIBRARY = "libc++";
				CLANG_ENABLE_MODULES = YES;
				CLANG_ENABLE_OBJC_ARC = YES;
				CLANG_WARN_BOOL_CONVERSION = YES;
				CLANG_WARN_CONSTANT_CONVERSION = YES;
				CLANG_WARN_DIRECT_OBJC_ISA_USAGE = YES_ERROR;
				CLANG_WARN_EMPTY_BODY = YES;
				CLANG_WARN_ENUM_CONVERSION = YES;
				CLANG_WARN_INT_CONVERSION = YES;
				CLANG_WARN_OBJC_ROOT_CLASS = YES_ERROR;
				CLANG_WARN_UNREACHABLE_CODE = YES;
				CLANG_WARN__DUPLICATE_METHOD_MATCH = YES;
				"CODE_SIGN_IDENTITY[sdk=iphoneos*]" = "iPhone Developer";
				COPY_PHASE_STRIP = NO;
				DEBUG_INFORMATION_FORMAT = "dwarf-with-dsym";
				ENABLE_NS_ASSERTIONS = NO;
				ENABLE_STRICT_OBJC_MSGSEND = YES;
				GCC_C_LANGUAGE_STANDARD = gnu99;
				GCC_NO_COMMON_BLOCKS = YES;
				GCC_WARN_64_TO_32_BIT_CONVERSION = YES;
				GCC_WARN_ABOUT_RETURN_TYPE = YES_ERROR;
				GCC_WARN_UNDECLARED_SELECTOR = YES;
				GCC_WARN_UNINITIALIZED_AUTOS = YES_AGGRESSIVE;
				GCC_WARN_UNUSED_FUNCTION = YES;
				GCC_WARN_UNUSED_VARIABLE = YES;
				IPHONEOS_DEPLOYMENT_TARGET = 9.1;
				MTL_ENABLE_DEBUG_INFO = NO;
				SDKROOT = iphoneos;
				TARGETED_DEVICE_FAMILY = "1,2";
				VALIDATE_PRODUCT = YES;
			};
			name = Release;
		};
		B4E2AFF71BDFC17E00ECE3F2 /* Debug */ = {
			isa = XCBuildConfiguration;
			buildSettings = {
				ASSETCATALOG_COMPILER_APPICON_NAME = AppIcon;
				INFOPLIST_FILE = SwiftToDo/Info.plist;
				LD_RUNPATH_SEARCH_PATHS = "$(inherited) @executable_path/Frameworks";
				PRODUCT_BUNDLE_IDENTIFIER = com.blakeoistad.SwiftToDo;
				PRODUCT_NAME = "$(TARGET_NAME)";
			};
			name = Debug;
		};
		B4E2AFF81BDFC17E00ECE3F2 /* Release */ = {
			isa = XCBuildConfiguration;
			buildSettings = {
				ASSETCATALOG_COMPILER_APPICON_NAME = AppIcon;
				INFOPLIST_FILE = SwiftToDo/Info.plist;
				LD_RUNPATH_SEARCH_PATHS = "$(inherited) @executable_path/Frameworks";
				PRODUCT_BUNDLE_IDENTIFIER = com.blakeoistad.SwiftToDo;
				PRODUCT_NAME = "$(TARGET_NAME)";
			};
			name = Release;
		};
/* End XCBuildConfiguration section */

/* Begin XCConfigurationList section */
		B4E2AFDC1BDFC17E00ECE3F2 /* Build configuration list for PBXProject "SwiftToDo" */ = {
			isa = XCConfigurationList;
			buildConfigurations = (
				B4E2AFF41BDFC17E00ECE3F2 /* Debug */,
				B4E2AFF51BDFC17E00ECE3F2 /* Release */,
			);
			defaultConfigurationIsVisible = 0;
			defaultConfigurationName = Release;
		};
		B4E2AFF61BDFC17E00ECE3F2 /* Build configuration list for PBXNativeTarget "SwiftToDo" */ = {
			isa = XCConfigurationList;
			buildConfigurations = (
				B4E2AFF71BDFC17E00ECE3F2 /* Debug */,
				B4E2AFF81BDFC17E00ECE3F2 /* Release */,
			);
			defaultConfigurationIsVisible = 0;
		};
/* End XCConfigurationList section */

/* Begin XCVersionGroup section */
		B4E2AFEB1BDFC17E00ECE3F2 /* SwiftToDo.xcdatamodeld */ = {
			isa = XCVersionGroup;
			children = (
				B4E2AFFE1BDFCA7B00ECE3F2 /* SwiftToDo 2.xcdatamodel */,
				B4E2AFEC1BDFC17E00ECE3F2 /* SwiftToDo.xcdatamodel */,
			);
			currentVersion = B4E2AFFE1BDFCA7B00ECE3F2 /* SwiftToDo 2.xcdatamodel */;
			path = SwiftToDo.xcdatamodeld;
			sourceTree = "<group>";
			versionGroupType = wrapper.xcdatamodel;
		};
/* End XCVersionGroup section */
	};
	rootObject = B4E2AFD91BDFC17E00ECE3F2 /* Project object */;
}
