// !$*UTF8*$!
{
	archiveVersion = 1;
	classes = {
	};
	objectVersion = 46;
	objects = {

/* Begin PBXBuildFile section */
		B4C67A511BFA1EB800E5A908 /* AppDelegate.swift in Sources */ = {isa = PBXBuildFile; fileRef = B4C67A501BFA1EB800E5A908 /* AppDelegate.swift */; };
		B4C67A531BFA1EB800E5A908 /* ViewController.swift in Sources */ = {isa = PBXBuildFile; fileRef = B4C67A521BFA1EB800E5A908 /* ViewController.swift */; };
		B4C67A561BFA1EB800E5A908 /* Main.storyboard in Resources */ = {isa = PBXBuildFile; fileRef = B4C67A541BFA1EB800E5A908 /* Main.storyboard */; };
		B4C67A581BFA1EB800E5A908 /* Assets.xcassets in Resources */ = {isa = PBXBuildFile; fileRef = B4C67A571BFA1EB800E5A908 /* Assets.xcassets */; };
		B4C67A5B1BFA1EB800E5A908 /* LaunchScreen.storyboard in Resources */ = {isa = PBXBuildFile; fileRef = B4C67A591BFA1EB800E5A908 /* LaunchScreen.storyboard */; };
/* End PBXBuildFile section */

/* Begin PBXFileReference section */
		B4C67A4D1BFA1EB800E5A908 /* Sensors.app */ = {isa = PBXFileReference; explicitFileType = wrapper.application; includeInIndex = 0; path = Sensors.app; sourceTree = BUILT_PRODUCTS_DIR; };
		B4C67A501BFA1EB800E5A908 /* AppDelegate.swift */ = {isa = PBXFileReference; lastKnownFileType = sourcecode.swift; path = AppDelegate.swift; sourceTree = "<group>"; };
		B4C67A521BFA1EB800E5A908 /* ViewController.swift */ = {isa = PBXFileReference; lastKnownFileType = sourcecode.swift; path = ViewController.swift; sourceTree = "<group>"; };
		B4C67A551BFA1EB800E5A908 /* Base */ = {isa = PBXFileReference; lastKnownFileType = file.storyboard; name = Base; path = Base.lproj/Main.storyboard; sourceTree = "<group>"; };
		B4C67A571BFA1EB800E5A908 /* Assets.xcassets */ = {isa = PBXFileReference; lastKnownFileType = folder.assetcatalog; path = Assets.xcassets; sourceTree = "<group>"; };
		B4C67A5A1BFA1EB800E5A908 /* Base */ = {isa = PBXFileReference; lastKnownFileType = file.storyboard; name = Base; path = Base.lproj/LaunchScreen.storyboard; sourceTree = "<group>"; };
		B4C67A5C1BFA1EB800E5A908 /* Info.plist */ = {isa = PBXFileReference; lastKnownFileType = text.plist.xml; path = Info.plist; sourceTree = "<group>"; };
/* End PBXFileReference section */

/* Begin PBXFrameworksBuildPhase section */
		B4C67A4A1BFA1EB800E5A908 /* Frameworks */ = {
			isa = PBXFrameworksBuildPhase;
			buildActionMask = 2147483647;
			files = (
			);
			runOnlyForDeploymentPostprocessing = 0;
		};
/* End PBXFrameworksBuildPhase section */

/* Begin PBXGroup section */
		B4C67A441BFA1EB800E5A908 = {
			isa = PBXGroup;
			children = (
				B4C67A4F1BFA1EB800E5A908 /* Sensors */,
				B4C67A4E1BFA1EB800E5A908 /* Products */,
			);
			sourceTree = "<group>";
		};
		B4C67A4E1BFA1EB800E5A908 /* Products */ = {
			isa = PBXGroup;
			children = (
				B4C67A4D1BFA1EB800E5A908 /* Sensors.app */,
			);
			name = Products;
			sourceTree = "<group>";
		};
		B4C67A4F1BFA1EB800E5A908 /* Sensors */ = {
			isa = PBXGroup;
			children = (
				B4C67A501BFA1EB800E5A908 /* AppDelegate.swift */,
				B4C67A521BFA1EB800E5A908 /* ViewController.swift */,
				B4C67A541BFA1EB800E5A908 /* Main.storyboard */,
				B4C67A571BFA1EB800E5A908 /* Assets.xcassets */,
				B4C67A591BFA1EB800E5A908 /* LaunchScreen.storyboard */,
				B4C67A5C1BFA1EB800E5A908 /* Info.plist */,
			);
			path = Sensors;
			sourceTree = "<group>";
		};
/* End PBXGroup section */

/* Begin PBXNativeTarget section */
		B4C67A4C1BFA1EB800E5A908 /* Sensors */ = {
			isa = PBXNativeTarget;
			buildConfigurationList = B4C67A5F1BFA1EB800E5A908 /* Build configuration list for PBXNativeTarget "Sensors" */;
			buildPhases = (
				B4C67A491BFA1EB800E5A908 /* Sources */,
				B4C67A4A1BFA1EB800E5A908 /* Frameworks */,
				B4C67A4B1BFA1EB800E5A908 /* Resources */,
			);
			buildRules = (
			);
			dependencies = (
			);
			name = Sensors;
			productName = Sensors;
			productReference = B4C67A4D1BFA1EB800E5A908 /* Sensors.app */;
			productType = "com.apple.product-type.application";
		};
/* End PBXNativeTarget section */

/* Begin PBXProject section */
		B4C67A451BFA1EB800E5A908 /* Project object */ = {
			isa = PBXProject;
			attributes = {
				LastSwiftUpdateCheck = 0710;
				LastUpgradeCheck = 0710;
				ORGANIZATIONNAME = "Blake Oistad";
				TargetAttributes = {
					B4C67A4C1BFA1EB800E5A908 = {
						CreatedOnToolsVersion = 7.1.1;
					};
				};
			};
			buildConfigurationList = B4C67A481BFA1EB800E5A908 /* Build configuration list for PBXProject "Sensors" */;
			compatibilityVersion = "Xcode 3.2";
			developmentRegion = English;
			hasScannedForEncodings = 0;
			knownRegions = (
				en,
				Base,
			);
			mainGroup = B4C67A441BFA1EB800E5A908;
			productRefGroup = B4C67A4E1BFA1EB800E5A908 /* Products */;
			projectDirPath = "";
			projectRoot = "";
			targets = (
				B4C67A4C1BFA1EB800E5A908 /* Sensors */,
			);
		};
/* End PBXProject section */

/* Begin PBXResourcesBuildPhase section */
		B4C67A4B1BFA1EB800E5A908 /* Resources */ = {
			isa = PBXResourcesBuildPhase;
			buildActionMask = 2147483647;
			files = (
				B4C67A5B1BFA1EB800E5A908 /* LaunchScreen.storyboard in Resources */,
				B4C67A581BFA1EB800E5A908 /* Assets.xcassets in Resources */,
				B4C67A561BFA1EB800E5A908 /* Main.storyboard in Resources */,
			);
			runOnlyForDeploymentPostprocessing = 0;
		};
/* End PBXResourcesBuildPhase section */

/* Begin PBXSourcesBuildPhase section */
		B4C67A491BFA1EB800E5A908 /* Sources */ = {
			isa = PBXSourcesBuildPhase;
			buildActionMask = 2147483647;
			files = (
				B4C67A531BFA1EB800E5A908 /* ViewController.swift in Sources */,
				B4C67A511BFA1EB800E5A908 /* AppDelegate.swift in Sources */,
			);
			runOnlyForDeploymentPostprocessing = 0;
		};
/* End PBXSourcesBuildPhase section */

/* Begin PBXVariantGroup section */
		B4C67A541BFA1EB800E5A908 /* Main.storyboard */ = {
			isa = PBXVariantGroup;
			children = (
				B4C67A551BFA1EB800E5A908 /* Base */,
			);
			name = Main.storyboard;
			sourceTree = "<group>";
		};
		B4C67A591BFA1EB800E5A908 /* LaunchScreen.storyboard */ = {
			isa = PBXVariantGroup;
			children = (
				B4C67A5A1BFA1EB800E5A908 /* Base */,
			);
			name = LaunchScreen.storyboard;
			sourceTree = "<group>";
		};
/* End PBXVariantGroup section */

/* Begin XCBuildConfiguration section */
		B4C67A5D1BFA1EB800E5A908 /* Debug */ = {
			isa = XCBuildConfiguration;
			buildSettings = {
				ALWAYS_SEARCH_USER_PATHS = NO;
				CLANG_CXX_LANGUAGE_STANDARD = "gnu++0x";
				CLANG_CXX_LIBRARY = "libc++";
				CLANG_ENABLE_MODULES = YES;
				CLANG_ENABLE_OBJC_ARC = YES;
				CLANG_WARN_BOOL_CONVERSION = YES;
				CLANG_WARN_CONSTANT_CONVERSION = YES;
				CLANG_WARN_DIRECT_OBJC_ISA_USAGE = YES_ERROR;
				CLANG_WARN_EMPTY_BODY = YES;
				CLANG_WARN_ENUM_CONVERSION = YES;
				CLANG_WARN_INT_CONVERSION = YES;
				CLANG_WARN_OBJC_ROOT_CLASS = YES_ERROR;
				CLANG_WARN_UNREACHABLE_CODE = YES;
				CLANG_WARN__DUPLICATE_METHOD_MATCH = YES;
				"CODE_SIGN_IDENTITY[sdk=iphoneos*]" = "iPhone Developer";
				COPY_PHASE_STRIP = NO;
				DEBUG_INFORMATION_FORMAT = dwarf;
				ENABLE_STRICT_OBJC_MSGSEND = YES;
				ENABLE_TESTABILITY = YES;
				GCC_C_LANGUAGE_STANDARD = gnu99;
				GCC_DYNAMIC_NO_PIC = NO;
				GCC_NO_COMMON_BLOCKS = YES;
				GCC_OPTIMIZATION_LEVEL = 0;
				GCC_PREPROCESSOR_DEFINITIONS = (
					"DEBUG=1",
					"$(inherited)",
				);
				GCC_WARN_64_TO_32_BIT_CONVERSION = YES;
				GCC_WARN_ABOUT_RETURN_TYPE = YES_ERROR;
				GCC_WARN_UNDECLARED_SELECTOR = YES;
				GCC_WARN_UNINITIALIZED_AUTOS = YES_AGGRESSIVE;
				GCC_WARN_UNUSED_FUNCTION = YES;
				GCC_WARN_UNUSED_VARIABLE = YES;
				IPHONEOS_DEPLOYMENT_TARGET = 9.1;
				MTL_ENABLE_DEBUG_INFO = YES;
				ONLY_ACTIVE_ARCH = YES;
				SDKROOT = iphoneos;
				SWIFT_OPTIMIZATION_LEVEL = "-Onone";
				TARGETED_DEVICE_FAMILY = "1,2";
			};
			name = Debug;
		};
		B4C67A5E1BFA1EB800E5A908 /* Release */ = {
			isa = XCBuildConfiguration;
			buildSettings = {
				ALWAYS_SEARCH_USER_PATHS = NO;
				CLANG_CXX_LANGUAGE_STANDARD = "gnu++0x";
				CLANG_CXX_LIBRARY = "libc++";
				CLANG_ENABLE_MODULES = YES;
				CLANG_ENABLE_OBJC_ARC = YES;
				CLANG_WARN_BOOL_CONVERSION = YES;
				CLANG_WARN_CONSTANT_CONVERSION = YES;
				CLANG_WARN_DIRECT_OBJC_ISA_USAGE = YES_ERROR;
				CLANG_WARN_EMPTY_BODY = YES;
				CLANG_WARN_ENUM_CONVERSION = YES;
				CLANG_WARN_INT_CONVERSION = YES;
				CLANG_WARN_OBJC_ROOT_CLASS = YES_ERROR;
				CLANG_WARN_UNREACHABLE_CODE = YES;
				CLANG_WARN__DUPLICATE_METHOD_MATCH = YES;
				"CODE_SIGN_IDENTITY[sdk=iphoneos*]" = "iPhone Developer";
				COPY_PHASE_STRIP = NO;
				DEBUG_INFORMATION_FORMAT = "dwarf-with-dsym";
				ENABLE_NS_ASSERTIONS = NO;
				ENABLE_STRICT_OBJC_MSGSEND = YES;
				GCC_C_LANGUAGE_STANDARD = gnu99;
				GCC_NO_COMMON_BLOCKS = YES;
				GCC_WARN_64_TO_32_BIT_CONVERSION = YES;
				GCC_WARN_ABOUT_RETURN_TYPE = YES_ERROR;
				GCC_WARN_UNDECLARED_SELECTOR = YES;
				GCC_WARN_UNINITIALIZED_AUTOS = YES_AGGRESSIVE;
				GCC_WARN_UNUSED_FUNCTION = YES;
				GCC_WARN_UNUSED_VARIABLE = YES;
				IPHONEOS_DEPLOYMENT_TARGET = 9.1;
				MTL_ENABLE_DEBUG_INFO = NO;
				SDKROOT = iphoneos;
				TARGETED_DEVICE_FAMILY = "1,2";
				VALIDATE_PRODUCT = YES;
			};
			name = Release;
		};
		B4C67A601BFA1EB800E5A908 /* Debug */ = {
			isa = XCBuildConfiguration;
			buildSettings = {
				ASSETCATALOG_COMPILER_APPICON_NAME = AppIcon;
				INFOPLIST_FILE = Sensors/Info.plist;
				LD_RUNPATH_SEARCH_PATHS = "$(inherited) @executable_path/Frameworks";
				PRODUCT_BUNDLE_IDENTIFIER = com.blakeoistad.Sensors;
				PRODUCT_NAME = "$(TARGET_NAME)";
			};
			name = Debug;
		};
		B4C67A611BFA1EB800E5A908 /* Release */ = {
			isa = XCBuildConfiguration;
			buildSettings = {
				ASSETCATALOG_COMPILER_APPICON_NAME = AppIcon;
				INFOPLIST_FILE = Sensors/Info.plist;
				LD_RUNPATH_SEARCH_PATHS = "$(inherited) @executable_path/Frameworks";
				PRODUCT_BUNDLE_IDENTIFIER = com.blakeoistad.Sensors;
				PRODUCT_NAME = "$(TARGET_NAME)";
			};
			name = Release;
		};
/* End XCBuildConfiguration section */

/* Begin XCConfigurationList section */
		B4C67A481BFA1EB800E5A908 /* Build configuration list for PBXProject "Sensors" */ = {
			isa = XCConfigurationList;
			buildConfigurations = (
				B4C67A5D1BFA1EB800E5A908 /* Debug */,
				B4C67A5E1BFA1EB800E5A908 /* Release */,
			);
			defaultConfigurationIsVisible = 0;
			defaultConfigurationName = Release;
		};
		B4C67A5F1BFA1EB800E5A908 /* Build configuration list for PBXNativeTarget "Sensors" */ = {
			isa = XCConfigurationList;
			buildConfigurations = (
				B4C67A601BFA1EB800E5A908 /* Debug */,
				B4C67A611BFA1EB800E5A908 /* Release */,
			);
			defaultConfigurationIsVisible = 0;
			defaultConfigurationName = Release;
		};
/* End XCConfigurationList section */
	};
	rootObject = B4C67A451BFA1EB800E5A908 /* Project object */;
}
