// !$*UTF8*$!
{
	archiveVersion = 1;
	classes = {
	};
	objectVersion = 46;
	objects = {

/* Begin PBXBuildFile section */
		B49F651C1BE251F900B062FB /* AppDelegate.swift in Sources */ = {isa = PBXBuildFile; fileRef = B49F651B1BE251F900B062FB /* AppDelegate.swift */; };
		B49F651E1BE251F900B062FB /* ViewController.swift in Sources */ = {isa = PBXBuildFile; fileRef = B49F651D1BE251F900B062FB /* ViewController.swift */; };
		B49F65211BE251F900B062FB /* Main.storyboard in Resources */ = {isa = PBXBuildFile; fileRef = B49F651F1BE251F900B062FB /* Main.storyboard */; };
		B49F65231BE251F900B062FB /* Assets.xcassets in Resources */ = {isa = PBXBuildFile; fileRef = B49F65221BE251F900B062FB /* Assets.xcassets */; };
		B49F65261BE251F900B062FB /* LaunchScreen.storyboard in Resources */ = {isa = PBXBuildFile; fileRef = B49F65241BE251F900B062FB /* LaunchScreen.storyboard */; };
/* End PBXBuildFile section */

/* Begin PBXFileReference section */
		B49F65181BE251F900B062FB /* AppleCal.app */ = {isa = PBXFileReference; explicitFileType = wrapper.application; includeInIndex = 0; path = AppleCal.app; sourceTree = BUILT_PRODUCTS_DIR; };
		B49F651B1BE251F900B062FB /* AppDelegate.swift */ = {isa = PBXFileReference; lastKnownFileType = sourcecode.swift; path = AppDelegate.swift; sourceTree = "<group>"; };
		B49F651D1BE251F900B062FB /* ViewController.swift */ = {isa = PBXFileReference; lastKnownFileType = sourcecode.swift; path = ViewController.swift; sourceTree = "<group>"; };
		B49F65201BE251F900B062FB /* Base */ = {isa = PBXFileReference; lastKnownFileType = file.storyboard; name = Base; path = Base.lproj/Main.storyboard; sourceTree = "<group>"; };
		B49F65221BE251F900B062FB /* Assets.xcassets */ = {isa = PBXFileReference; lastKnownFileType = folder.assetcatalog; path = Assets.xcassets; sourceTree = "<group>"; };
		B49F65251BE251F900B062FB /* Base */ = {isa = PBXFileReference; lastKnownFileType = file.storyboard; name = Base; path = Base.lproj/LaunchScreen.storyboard; sourceTree = "<group>"; };
		B49F65271BE251F900B062FB /* Info.plist */ = {isa = PBXFileReference; lastKnownFileType = text.plist.xml; path = Info.plist; sourceTree = "<group>"; };
/* End PBXFileReference section */

/* Begin PBXFrameworksBuildPhase section */
		B49F65151BE251F900B062FB /* Frameworks */ = {
			isa = PBXFrameworksBuildPhase;
			buildActionMask = 2147483647;
			files = (
			);
			runOnlyForDeploymentPostprocessing = 0;
		};
/* End PBXFrameworksBuildPhase section */

/* Begin PBXGroup section */
		B49F650F1BE251F900B062FB = {
			isa = PBXGroup;
			children = (
				B49F651A1BE251F900B062FB /* AppleCal */,
				B49F65191BE251F900B062FB /* Products */,
			);
			sourceTree = "<group>";
		};
		B49F65191BE251F900B062FB /* Products */ = {
			isa = PBXGroup;
			children = (
				B49F65181BE251F900B062FB /* AppleCal.app */,
			);
			name = Products;
			sourceTree = "<group>";
		};
		B49F651A1BE251F900B062FB /* AppleCal */ = {
			isa = PBXGroup;
			children = (
				B49F651B1BE251F900B062FB /* AppDelegate.swift */,
				B49F651D1BE251F900B062FB /* ViewController.swift */,
				B49F651F1BE251F900B062FB /* Main.storyboard */,
				B49F65221BE251F900B062FB /* Assets.xcassets */,
				B49F65241BE251F900B062FB /* LaunchScreen.storyboard */,
				B49F65271BE251F900B062FB /* Info.plist */,
			);
			path = AppleCal;
			sourceTree = "<group>";
		};
/* End PBXGroup section */

/* Begin PBXNativeTarget section */
		B49F65171BE251F900B062FB /* AppleCal */ = {
			isa = PBXNativeTarget;
			buildConfigurationList = B49F652A1BE251F900B062FB /* Build configuration list for PBXNativeTarget "AppleCal" */;
			buildPhases = (
				B49F65141BE251F900B062FB /* Sources */,
				B49F65151BE251F900B062FB /* Frameworks */,
				B49F65161BE251F900B062FB /* Resources */,
			);
			buildRules = (
			);
			dependencies = (
			);
			name = AppleCal;
			productName = AppleCal;
			productReference = B49F65181BE251F900B062FB /* AppleCal.app */;
			productType = "com.apple.product-type.application";
		};
/* End PBXNativeTarget section */

/* Begin PBXProject section */
		B49F65101BE251F900B062FB /* Project object */ = {
			isa = PBXProject;
			attributes = {
				LastSwiftUpdateCheck = 0710;
				LastUpgradeCheck = 0710;
				ORGANIZATIONNAME = "Blake Oistad";
				TargetAttributes = {
					B49F65171BE251F900B062FB = {
						CreatedOnToolsVersion = 7.1;
					};
				};
			};
			buildConfigurationList = B49F65131BE251F900B062FB /* Build configuration list for PBXProject "AppleCal" */;
			compatibilityVersion = "Xcode 3.2";
			developmentRegion = English;
			hasScannedForEncodings = 0;
			knownRegions = (
				en,
				Base,
			);
			mainGroup = B49F650F1BE251F900B062FB;
			productRefGroup = B49F65191BE251F900B062FB /* Products */;
			projectDirPath = "";
			projectRoot = "";
			targets = (
				B49F65171BE251F900B062FB /* AppleCal */,
			);
		};
/* End PBXProject section */

/* Begin PBXResourcesBuildPhase section */
		B49F65161BE251F900B062FB /* Resources */ = {
			isa = PBXResourcesBuildPhase;
			buildActionMask = 2147483647;
			files = (
				B49F65261BE251F900B062FB /* LaunchScreen.storyboard in Resources */,
				B49F65231BE251F900B062FB /* Assets.xcassets in Resources */,
				B49F65211BE251F900B062FB /* Main.storyboard in Resources */,
			);
			runOnlyForDeploymentPostprocessing = 0;
		};
/* End PBXResourcesBuildPhase section */

/* Begin PBXSourcesBuildPhase section */
		B49F65141BE251F900B062FB /* Sources */ = {
			isa = PBXSourcesBuildPhase;
			buildActionMask = 2147483647;
			files = (
				B49F651E1BE251F900B062FB /* ViewController.swift in Sources */,
				B49F651C1BE251F900B062FB /* AppDelegate.swift in Sources */,
			);
			runOnlyForDeploymentPostprocessing = 0;
		};
/* End PBXSourcesBuildPhase section */

/* Begin PBXVariantGroup section */
		B49F651F1BE251F900B062FB /* Main.storyboard */ = {
			isa = PBXVariantGroup;
			children = (
				B49F65201BE251F900B062FB /* Base */,
			);
			name = Main.storyboard;
			sourceTree = "<group>";
		};
		B49F65241BE251F900B062FB /* LaunchScreen.storyboard */ = {
			isa = PBXVariantGroup;
			children = (
				B49F65251BE251F900B062FB /* Base */,
			);
			name = LaunchScreen.storyboard;
			sourceTree = "<group>";
		};
/* End PBXVariantGroup section */

/* Begin XCBuildConfiguration section */
		B49F65281BE251F900B062FB /* Debug */ = {
			isa = XCBuildConfiguration;
			buildSettings = {
				ALWAYS_SEARCH_USER_PATHS = NO;
				CLANG_CXX_LANGUAGE_STANDARD = "gnu++0x";
				CLANG_CXX_LIBRARY = "libc++";
				CLANG_ENABLE_MODULES = YES;
				CLANG_ENABLE_OBJC_ARC = YES;
				CLANG_WARN_BOOL_CONVERSION = YES;
				CLANG_WARN_CONSTANT_CONVERSION = YES;
				CLANG_WARN_DIRECT_OBJC_ISA_USAGE = YES_ERROR;
				CLANG_WARN_EMPTY_BODY = YES;
				CLANG_WARN_ENUM_CONVERSION = YES;
				CLANG_WARN_INT_CONVERSION = YES;
				CLANG_WARN_OBJC_ROOT_CLASS = YES_ERROR;
				CLANG_WARN_UNREACHABLE_CODE = YES;
				CLANG_WARN__DUPLICATE_METHOD_MATCH = YES;
				"CODE_SIGN_IDENTITY[sdk=iphoneos*]" = "iPhone Developer";
				COPY_PHASE_STRIP = NO;
				DEBUG_INFORMATION_FORMAT = dwarf;
				ENABLE_STRICT_OBJC_MSGSEND = YES;
				ENABLE_TESTABILITY = YES;
				GCC_C_LANGUAGE_STANDARD = gnu99;
				GCC_DYNAMIC_NO_PIC = NO;
				GCC_NO_COMMON_BLOCKS = YES;
				GCC_OPTIMIZATION_LEVEL = 0;
				GCC_PREPROCESSOR_DEFINITIONS = (
					"DEBUG=1",
					"$(inherited)",
				);
				GCC_WARN_64_TO_32_BIT_CONVERSION = YES;
				GCC_WARN_ABOUT_RETURN_TYPE = YES_ERROR;
				GCC_WARN_UNDECLARED_SELECTOR = YES;
				GCC_WARN_UNINITIALIZED_AUTOS = YES_AGGRESSIVE;
				GCC_WARN_UNUSED_FUNCTION = YES;
				GCC_WARN_UNUSED_VARIABLE = YES;
				IPHONEOS_DEPLOYMENT_TARGET = 9.1;
				MTL_ENABLE_DEBUG_INFO = YES;
				ONLY_ACTIVE_ARCH = YES;
				SDKROOT = iphoneos;
				SWIFT_OPTIMIZATION_LEVEL = "-Onone";
				TARGETED_DEVICE_FAMILY = "1,2";
			};
			name = Debug;
		};
		B49F65291BE251F900B062FB /* Release */ = {
			isa = XCBuildConfiguration;
			buildSettings = {
				ALWAYS_SEARCH_USER_PATHS = NO;
				CLANG_CXX_LANGUAGE_STANDARD = "gnu++0x";
				CLANG_CXX_LIBRARY = "libc++";
				CLANG_ENABLE_MODULES = YES;
				CLANG_ENABLE_OBJC_ARC = YES;
				CLANG_WARN_BOOL_CONVERSION = YES;
				CLANG_WARN_CONSTANT_CONVERSION = YES;
				CLANG_WARN_DIRECT_OBJC_ISA_USAGE = YES_ERROR;
				CLANG_WARN_EMPTY_BODY = YES;
				CLANG_WARN_ENUM_CONVERSION = YES;
				CLANG_WARN_INT_CONVERSION = YES;
				CLANG_WARN_OBJC_ROOT_CLASS = YES_ERROR;
				CLANG_WARN_UNREACHABLE_CODE = YES;
				CLANG_WARN__DUPLICATE_METHOD_MATCH = YES;
				"CODE_SIGN_IDENTITY[sdk=iphoneos*]" = "iPhone Developer";
				COPY_PHASE_STRIP = NO;
				DEBUG_INFORMATION_FORMAT = "dwarf-with-dsym";
				ENABLE_NS_ASSERTIONS = NO;
				ENABLE_STRICT_OBJC_MSGSEND = YES;
				GCC_C_LANGUAGE_STANDARD = gnu99;
				GCC_NO_COMMON_BLOCKS = YES;
				GCC_WARN_64_TO_32_BIT_CONVERSION = YES;
				GCC_WARN_ABOUT_RETURN_TYPE = YES_ERROR;
				GCC_WARN_UNDECLARED_SELECTOR = YES;
				GCC_WARN_UNINITIALIZED_AUTOS = YES_AGGRESSIVE;
				GCC_WARN_UNUSED_FUNCTION = YES;
				GCC_WARN_UNUSED_VARIABLE = YES;
				IPHONEOS_DEPLOYMENT_TARGET = 9.1;
				MTL_ENABLE_DEBUG_INFO = NO;
				SDKROOT = iphoneos;
				TARGETED_DEVICE_FAMILY = "1,2";
				VALIDATE_PRODUCT = YES;
			};
			name = Release;
		};
		B49F652B1BE251F900B062FB /* Debug */ = {
			isa = XCBuildConfiguration;
			buildSettings = {
				ASSETCATALOG_COMPILER_APPICON_NAME = AppIcon;
				INFOPLIST_FILE = AppleCal/Info.plist;
				LD_RUNPATH_SEARCH_PATHS = "$(inherited) @executable_path/Frameworks";
				PRODUCT_BUNDLE_IDENTIFIER = com.blakeoistad.AppleCal;
				PRODUCT_NAME = "$(TARGET_NAME)";
			};
			name = Debug;
		};
		B49F652C1BE251F900B062FB /* Release */ = {
			isa = XCBuildConfiguration;
			buildSettings = {
				ASSETCATALOG_COMPILER_APPICON_NAME = AppIcon;
				INFOPLIST_FILE = AppleCal/Info.plist;
				LD_RUNPATH_SEARCH_PATHS = "$(inherited) @executable_path/Frameworks";
				PRODUCT_BUNDLE_IDENTIFIER = com.blakeoistad.AppleCal;
				PRODUCT_NAME = "$(TARGET_NAME)";
			};
			name = Release;
		};
/* End XCBuildConfiguration section */

/* Begin XCConfigurationList section */
		B49F65131BE251F900B062FB /* Build configuration list for PBXProject "AppleCal" */ = {
			isa = XCConfigurationList;
			buildConfigurations = (
				B49F65281BE251F900B062FB /* Debug */,
				B49F65291BE251F900B062FB /* Release */,
			);
			defaultConfigurationIsVisible = 0;
			defaultConfigurationName = Release;
		};
		B49F652A1BE251F900B062FB /* Build configuration list for PBXNativeTarget "AppleCal" */ = {
			isa = XCConfigurationList;
			buildConfigurations = (
				B49F652B1BE251F900B062FB /* Debug */,
				B49F652C1BE251F900B062FB /* Release */,
			);
			defaultConfigurationIsVisible = 0;
		};
/* End XCConfigurationList section */
	};
	rootObject = B49F65101BE251F900B062FB /* Project object */;
}
