// !$*UTF8*$!
{
	archiveVersion = 1;
	classes = {
	};
	objectVersion = 46;
	objects = {

/* Begin PBXBuildFile section */
		B481C5C71BB0CB2600D37577 /* main.m in Sources */ = {isa = PBXBuildFile; fileRef = B481C5C61BB0CB2600D37577 /* main.m */; };
		B481C5CA1BB0CB2600D37577 /* AppDelegate.m in Sources */ = {isa = PBXBuildFile; fileRef = B481C5C91BB0CB2600D37577 /* AppDelegate.m */; };
		B481C5CD1BB0CB2600D37577 /* ViewController.m in Sources */ = {isa = PBXBuildFile; fileRef = B481C5CC1BB0CB2600D37577 /* ViewController.m */; };
		B481C5D01BB0CB2600D37577 /* Main.storyboard in Resources */ = {isa = PBXBuildFile; fileRef = B481C5CE1BB0CB2600D37577 /* Main.storyboard */; };
		B481C5D21BB0CB2600D37577 /* Assets.xcassets in Resources */ = {isa = PBXBuildFile; fileRef = B481C5D11BB0CB2600D37577 /* Assets.xcassets */; };
		B481C5D51BB0CB2600D37577 /* LaunchScreen.storyboard in Resources */ = {isa = PBXBuildFile; fileRef = B481C5D31BB0CB2600D37577 /* LaunchScreen.storyboard */; };
/* End PBXBuildFile section */

/* Begin PBXFileReference section */
		B481C5C21BB0CB2600D37577 /* Color.app */ = {isa = PBXFileReference; explicitFileType = wrapper.application; includeInIndex = 0; path = Color.app; sourceTree = BUILT_PRODUCTS_DIR; };
		B481C5C61BB0CB2600D37577 /* main.m */ = {isa = PBXFileReference; lastKnownFileType = sourcecode.c.objc; path = main.m; sourceTree = "<group>"; };
		B481C5C81BB0CB2600D37577 /* AppDelegate.h */ = {isa = PBXFileReference; lastKnownFileType = sourcecode.c.h; path = AppDelegate.h; sourceTree = "<group>"; };
		B481C5C91BB0CB2600D37577 /* AppDelegate.m */ = {isa = PBXFileReference; lastKnownFileType = sourcecode.c.objc; path = AppDelegate.m; sourceTree = "<group>"; };
		B481C5CB1BB0CB2600D37577 /* ViewController.h */ = {isa = PBXFileReference; lastKnownFileType = sourcecode.c.h; path = ViewController.h; sourceTree = "<group>"; };
		B481C5CC1BB0CB2600D37577 /* ViewController.m */ = {isa = PBXFileReference; lastKnownFileType = sourcecode.c.objc; path = ViewController.m; sourceTree = "<group>"; };
		B481C5CF1BB0CB2600D37577 /* Base */ = {isa = PBXFileReference; lastKnownFileType = file.storyboard; name = Base; path = Base.lproj/Main.storyboard; sourceTree = "<group>"; };
		B481C5D11BB0CB2600D37577 /* Assets.xcassets */ = {isa = PBXFileReference; lastKnownFileType = folder.assetcatalog; path = Assets.xcassets; sourceTree = "<group>"; };
		B481C5D41BB0CB2600D37577 /* Base */ = {isa = PBXFileReference; lastKnownFileType = file.storyboard; name = Base; path = Base.lproj/LaunchScreen.storyboard; sourceTree = "<group>"; };
		B481C5D61BB0CB2600D37577 /* Info.plist */ = {isa = PBXFileReference; lastKnownFileType = text.plist.xml; path = Info.plist; sourceTree = "<group>"; };
/* End PBXFileReference section */

/* Begin PBXFrameworksBuildPhase section */
		B481C5BF1BB0CB2600D37577 /* Frameworks */ = {
			isa = PBXFrameworksBuildPhase;
			buildActionMask = 2147483647;
			files = (
			);
			runOnlyForDeploymentPostprocessing = 0;
		};
/* End PBXFrameworksBuildPhase section */

/* Begin PBXGroup section */
		B481C5B91BB0CB2600D37577 = {
			isa = PBXGroup;
			children = (
				B481C5C41BB0CB2600D37577 /* Color */,
				B481C5C31BB0CB2600D37577 /* Products */,
			);
			sourceTree = "<group>";
		};
		B481C5C31BB0CB2600D37577 /* Products */ = {
			isa = PBXGroup;
			children = (
				B481C5C21BB0CB2600D37577 /* Color.app */,
			);
			name = Products;
			sourceTree = "<group>";
		};
		B481C5C41BB0CB2600D37577 /* Color */ = {
			isa = PBXGroup;
			children = (
				B481C5C81BB0CB2600D37577 /* AppDelegate.h */,
				B481C5C91BB0CB2600D37577 /* AppDelegate.m */,
				B481C5CB1BB0CB2600D37577 /* ViewController.h */,
				B481C5CC1BB0CB2600D37577 /* ViewController.m */,
				B481C5CE1BB0CB2600D37577 /* Main.storyboard */,
				B481C5D11BB0CB2600D37577 /* Assets.xcassets */,
				B481C5D31BB0CB2600D37577 /* LaunchScreen.storyboard */,
				B481C5D61BB0CB2600D37577 /* Info.plist */,
				B481C5C51BB0CB2600D37577 /* Supporting Files */,
			);
			path = Color;
			sourceTree = "<group>";
		};
		B481C5C51BB0CB2600D37577 /* Supporting Files */ = {
			isa = PBXGroup;
			children = (
				B481C5C61BB0CB2600D37577 /* main.m */,
			);
			name = "Supporting Files";
			sourceTree = "<group>";
		};
/* End PBXGroup section */

/* Begin PBXNativeTarget section */
		B481C5C11BB0CB2600D37577 /* Color */ = {
			isa = PBXNativeTarget;
			buildConfigurationList = B481C5D91BB0CB2600D37577 /* Build configuration list for PBXNativeTarget "Color" */;
			buildPhases = (
				B481C5BE1BB0CB2600D37577 /* Sources */,
				B481C5BF1BB0CB2600D37577 /* Frameworks */,
				B481C5C01BB0CB2600D37577 /* Resources */,
			);
			buildRules = (
			);
			dependencies = (
			);
			name = Color;
			productName = Color;
			productReference = B481C5C21BB0CB2600D37577 /* Color.app */;
			productType = "com.apple.product-type.application";
		};
/* End PBXNativeTarget section */

/* Begin PBXProject section */
		B481C5BA1BB0CB2600D37577 /* Project object */ = {
			isa = PBXProject;
			attributes = {
				LastUpgradeCheck = 0700;
				ORGANIZATIONNAME = "Blake Oistad";
				TargetAttributes = {
					B481C5C11BB0CB2600D37577 = {
						CreatedOnToolsVersion = 7.0;
					};
				};
			};
			buildConfigurationList = B481C5BD1BB0CB2600D37577 /* Build configuration list for PBXProject "Color" */;
			compatibilityVersion = "Xcode 3.2";
			developmentRegion = English;
			hasScannedForEncodings = 0;
			knownRegions = (
				en,
				Base,
			);
			mainGroup = B481C5B91BB0CB2600D37577;
			productRefGroup = B481C5C31BB0CB2600D37577 /* Products */;
			projectDirPath = "";
			projectRoot = "";
			targets = (
				B481C5C11BB0CB2600D37577 /* Color */,
			);
		};
/* End PBXProject section */

/* Begin PBXResourcesBuildPhase section */
		B481C5C01BB0CB2600D37577 /* Resources */ = {
			isa = PBXResourcesBuildPhase;
			buildActionMask = 2147483647;
			files = (
				B481C5D51BB0CB2600D37577 /* LaunchScreen.storyboard in Resources */,
				B481C5D21BB0CB2600D37577 /* Assets.xcassets in Resources */,
				B481C5D01BB0CB2600D37577 /* Main.storyboard in Resources */,
			);
			runOnlyForDeploymentPostprocessing = 0;
		};
/* End PBXResourcesBuildPhase section */

/* Begin PBXSourcesBuildPhase section */
		B481C5BE1BB0CB2600D37577 /* Sources */ = {
			isa = PBXSourcesBuildPhase;
			buildActionMask = 2147483647;
			files = (
				B481C5CD1BB0CB2600D37577 /* ViewController.m in Sources */,
				B481C5CA1BB0CB2600D37577 /* AppDelegate.m in Sources */,
				B481C5C71BB0CB2600D37577 /* main.m in Sources */,
			);
			runOnlyForDeploymentPostprocessing = 0;
		};
/* End PBXSourcesBuildPhase section */

/* Begin PBXVariantGroup section */
		B481C5CE1BB0CB2600D37577 /* Main.storyboard */ = {
			isa = PBXVariantGroup;
			children = (
				B481C5CF1BB0CB2600D37577 /* Base */,
			);
			name = Main.storyboard;
			sourceTree = "<group>";
		};
		B481C5D31BB0CB2600D37577 /* LaunchScreen.storyboard */ = {
			isa = PBXVariantGroup;
			children = (
				B481C5D41BB0CB2600D37577 /* Base */,
			);
			name = LaunchScreen.storyboard;
			sourceTree = "<group>";
		};
/* End PBXVariantGroup section */

/* Begin XCBuildConfiguration section */
		B481C5D71BB0CB2600D37577 /* Debug */ = {
			isa = XCBuildConfiguration;
			buildSettings = {
				ALWAYS_SEARCH_USER_PATHS = NO;
				CLANG_CXX_LANGUAGE_STANDARD = "gnu++0x";
				CLANG_CXX_LIBRARY = "libc++";
				CLANG_ENABLE_MODULES = YES;
				CLANG_ENABLE_OBJC_ARC = YES;
				CLANG_WARN_BOOL_CONVERSION = YES;
				CLANG_WARN_CONSTANT_CONVERSION = YES;
				CLANG_WARN_DIRECT_OBJC_ISA_USAGE = YES_ERROR;
				CLANG_WARN_EMPTY_BODY = YES;
				CLANG_WARN_ENUM_CONVERSION = YES;
				CLANG_WARN_INT_CONVERSION = YES;
				CLANG_WARN_OBJC_ROOT_CLASS = YES_ERROR;
				CLANG_WARN_UNREACHABLE_CODE = YES;
				CLANG_WARN__DUPLICATE_METHOD_MATCH = YES;
				"CODE_SIGN_IDENTITY[sdk=iphoneos*]" = "iPhone Developer";
				COPY_PHASE_STRIP = NO;
				DEBUG_INFORMATION_FORMAT = dwarf;
				ENABLE_STRICT_OBJC_MSGSEND = YES;
				ENABLE_TESTABILITY = YES;
				GCC_C_LANGUAGE_STANDARD = gnu99;
				GCC_DYNAMIC_NO_PIC = NO;
				GCC_NO_COMMON_BLOCKS = YES;
				GCC_OPTIMIZATION_LEVEL = 0;
				GCC_PREPROCESSOR_DEFINITIONS = (
					"DEBUG=1",
					"$(inherited)",
				);
				GCC_WARN_64_TO_32_BIT_CONVERSION = YES;
				GCC_WARN_ABOUT_RETURN_TYPE = YES_ERROR;
				GCC_WARN_UNDECLARED_SELECTOR = YES;
				GCC_WARN_UNINITIALIZED_AUTOS = YES_AGGRESSIVE;
				GCC_WARN_UNUSED_FUNCTION = YES;
				GCC_WARN_UNUSED_VARIABLE = YES;
				IPHONEOS_DEPLOYMENT_TARGET = 9.0;
				MTL_ENABLE_DEBUG_INFO = YES;
				ONLY_ACTIVE_ARCH = YES;
				SDKROOT = iphoneos;
			};
			name = Debug;
		};
		B481C5D81BB0CB2600D37577 /* Release */ = {
			isa = XCBuildConfiguration;
			buildSettings = {
				ALWAYS_SEARCH_USER_PATHS = NO;
				CLANG_CXX_LANGUAGE_STANDARD = "gnu++0x";
				CLANG_CXX_LIBRARY = "libc++";
				CLANG_ENABLE_MODULES = YES;
				CLANG_ENABLE_OBJC_ARC = YES;
				CLANG_WARN_BOOL_CONVERSION = YES;
				CLANG_WARN_CONSTANT_CONVERSION = YES;
				CLANG_WARN_DIRECT_OBJC_ISA_USAGE = YES_ERROR;
				CLANG_WARN_EMPTY_BODY = YES;
				CLANG_WARN_ENUM_CONVERSION = YES;
				CLANG_WARN_INT_CONVERSION = YES;
				CLANG_WARN_OBJC_ROOT_CLASS = YES_ERROR;
				CLANG_WARN_UNREACHABLE_CODE = YES;
				CLANG_WARN__DUPLICATE_METHOD_MATCH = YES;
				"CODE_SIGN_IDENTITY[sdk=iphoneos*]" = "iPhone Developer";
				COPY_PHASE_STRIP = NO;
				DEBUG_INFORMATION_FORMAT = "dwarf-with-dsym";
				ENABLE_NS_ASSERTIONS = NO;
				ENABLE_STRICT_OBJC_MSGSEND = YES;
				GCC_C_LANGUAGE_STANDARD = gnu99;
				GCC_NO_COMMON_BLOCKS = YES;
				GCC_WARN_64_TO_32_BIT_CONVERSION = YES;
				GCC_WARN_ABOUT_RETURN_TYPE = YES_ERROR;
				GCC_WARN_UNDECLARED_SELECTOR = YES;
				GCC_WARN_UNINITIALIZED_AUTOS = YES_AGGRESSIVE;
				GCC_WARN_UNUSED_FUNCTION = YES;
				GCC_WARN_UNUSED_VARIABLE = YES;
				IPHONEOS_DEPLOYMENT_TARGET = 9.0;
				MTL_ENABLE_DEBUG_INFO = NO;
				SDKROOT = iphoneos;
				VALIDATE_PRODUCT = YES;
			};
			name = Release;
		};
		B481C5DA1BB0CB2600D37577 /* Debug */ = {
			isa = XCBuildConfiguration;
			buildSettings = {
				ASSETCATALOG_COMPILER_APPICON_NAME = AppIcon;
				INFOPLIST_FILE = Color/Info.plist;
				LD_RUNPATH_SEARCH_PATHS = "$(inherited) @executable_path/Frameworks";
				PRODUCT_BUNDLE_IDENTIFIER = com.blakeoistad.Color;
				PRODUCT_NAME = "$(TARGET_NAME)";
			};
			name = Debug;
		};
		B481C5DB1BB0CB2600D37577 /* Release */ = {
			isa = XCBuildConfiguration;
			buildSettings = {
				ASSETCATALOG_COMPILER_APPICON_NAME = AppIcon;
				INFOPLIST_FILE = Color/Info.plist;
				LD_RUNPATH_SEARCH_PATHS = "$(inherited) @executable_path/Frameworks";
				PRODUCT_BUNDLE_IDENTIFIER = com.blakeoistad.Color;
				PRODUCT_NAME = "$(TARGET_NAME)";
			};
			name = Release;
		};
/* End XCBuildConfiguration section */

/* Begin XCConfigurationList section */
		B481C5BD1BB0CB2600D37577 /* Build configuration list for PBXProject "Color" */ = {
			isa = XCConfigurationList;
			buildConfigurations = (
				B481C5D71BB0CB2600D37577 /* Debug */,
				B481C5D81BB0CB2600D37577 /* Release */,
			);
			defaultConfigurationIsVisible = 0;
			defaultConfigurationName = Release;
		};
		B481C5D91BB0CB2600D37577 /* Build configuration list for PBXNativeTarget "Color" */ = {
			isa = XCConfigurationList;
			buildConfigurations = (
				B481C5DA1BB0CB2600D37577 /* Debug */,
				B481C5DB1BB0CB2600D37577 /* Release */,
			);
			defaultConfigurationIsVisible = 0;
		};
/* End XCConfigurationList section */
	};
	rootObject = B481C5BA1BB0CB2600D37577 /* Project object */;
}
